
Microsoft Visual Studio Solution File, Format Version 12.00
# Visual Studio Version 16
VisualStudioVersion = 16.0.30621.155
MinimumVisualStudioVersion = 10.0.40219.1
Project("{FAE04EC0-301F-11D3-BF4B-00C04F79EFBC}") = "ConnectionTEST", "ConnectionTEST.csproj", "{9689E1CF-244B-41E4-9FC2-9CBAD7B202A2}"
EndProject
Global
	GlobalSection(SolutionConfigurationPlatforms) = preSolution
		Debug|Any CPU = Debug|Any CPU
		Release|Any CPU = Release|Any CPU
	EndGlobalSection
	GlobalSection(ProjectConfigurationPlatforms) = postSolution
		{9689E1CF-244B-41E4-9FC2-9CBAD7B202A2}.Debug|Any CPU.ActiveCfg = Debug|Any CPU
		{9689E1CF-244B-41E4-9FC2-9CBAD7B202A2}.Debug|Any CPU.Build.0 = Debug|Any CPU
		{9689E1CF-244B-41E4-9FC2-9CBAD7B202A2}.Release|Any CPU.ActiveCfg = Release|Any CPU
		{9689E1CF-244B-41E4-9FC2-9CBAD7B202A2}.Release|Any CPU.Build.0 = Release|Any CPU
	EndGlobalSection
	GlobalSection(SolutionProperties) = preSolution
		HideSolutionNode = FALSE
	EndGlobalSection
	GlobalSection(ExtensibilityGlobals) = postSolution
		SolutionGuid = {CC3E311E-B41A-45C3-B41C-788EFE9EF547}
	EndGlobalSection
EndGlobal
